
Microsoft Visual Studio Solution File, Format Version 12.00
# Visual Studio Version 16
VisualStudioVersion = 16.0.29418.71
MinimumVisualStudioVersion = 10.0.40219.1
Project("{2150E333-8FDC-42A3-9474-1A3956D46DE8}") = "IntreviewExam.ImportData", "IntreviewExam.ImportData", "{8DD50B56-68FA-4F4D-B261-CACB6474E593}"
EndProject
Project("{FAE04EC0-301F-11D3-BF4B-00C04F79EFBC}") = "IntreviewExam.ImportData", "IntreviewExam.ImportData\IntreviewExam.ImportData.csproj", "{5B785A33-7160-4CFA-84B6-4CCC15327FAD}"
EndProject
Project("{FAE04EC0-301F-11D3-BF4B-00C04F79EFBC}") = "InterviewExam.Entities", "InterviewExam.Entities\InterviewExam.Entities.csproj", "{BA9054D2-A702-4271-B1D3-2E1D2F667198}"
EndProject
Project("{FAE04EC0-301F-11D3-BF4B-00C04F79EFBC}") = "InterviewExam.Common", "InterviewExam.Common\InterviewExam.Common.csproj", "{EA3981D0-679C-4C57-9B3A-2DD9E961A14A}"
EndProject
Project("{2150E333-8FDC-42A3-9474-1A3956D46DE8}") = "IntreviewExam.DataAccessLayer", "IntreviewExam.DataAccessLayer", "{0860F4FC-EFFD-421C-872F-9A8BCD0BCC3A}"
EndProject
Project("{FAE04EC0-301F-11D3-BF4B-00C04F79EFBC}") = "IntreviewExam.DataAccessLayer", "IntreviewExam.DataAccessLayer\IntreviewExam.DataAccessLayer.csproj", "{FA0B198C-5B68-491F-8538-1A1BBB7BDF8A}"
EndProject
Project("{FAE04EC0-301F-11D3-BF4B-00C04F79EFBC}") = "IntreviewExam.DataAccessLayer.Contracts", "IntreviewExam.DataAccessLayer.Contracts\IntreviewExam.DataAccessLayer.Contracts.csproj", "{70637DE8-02AA-4E65-9668-09BB205DD3CC}"
EndProject
Project("{FAE04EC0-301F-11D3-BF4B-00C04F79EFBC}") = "IntreviewExam.DataAccessLayer.Models", "IntreviewExam.DataAccessLayer.Models\IntreviewExam.DataAccessLayer.Models.csproj", "{1B3F2DD7-0259-4118-87DC-801510C1AF50}"
EndProject
Global
	GlobalSection(SolutionConfigurationPlatforms) = preSolution
		Debug|Any CPU = Debug|Any CPU
		Release|Any CPU = Release|Any CPU
	EndGlobalSection
	GlobalSection(ProjectConfigurationPlatforms) = postSolution
		{5B785A33-7160-4CFA-84B6-4CCC15327FAD}.Debug|Any CPU.ActiveCfg = Debug|Any CPU
		{5B785A33-7160-4CFA-84B6-4CCC15327FAD}.Debug|Any CPU.Build.0 = Debug|Any CPU
		{5B785A33-7160-4CFA-84B6-4CCC15327FAD}.Release|Any CPU.ActiveCfg = Release|Any CPU
		{5B785A33-7160-4CFA-84B6-4CCC15327FAD}.Release|Any CPU.Build.0 = Release|Any CPU
		{BA9054D2-A702-4271-B1D3-2E1D2F667198}.Debug|Any CPU.ActiveCfg = Debug|Any CPU
		{BA9054D2-A702-4271-B1D3-2E1D2F667198}.Debug|Any CPU.Build.0 = Debug|Any CPU
		{BA9054D2-A702-4271-B1D3-2E1D2F667198}.Release|Any CPU.ActiveCfg = Release|Any CPU
		{BA9054D2-A702-4271-B1D3-2E1D2F667198}.Release|Any CPU.Build.0 = Release|Any CPU
		{EA3981D0-679C-4C57-9B3A-2DD9E961A14A}.Debug|Any CPU.ActiveCfg = Debug|Any CPU
		{EA3981D0-679C-4C57-9B3A-2DD9E961A14A}.Debug|Any CPU.Build.0 = Debug|Any CPU
		{EA3981D0-679C-4C57-9B3A-2DD9E961A14A}.Release|Any CPU.ActiveCfg = Release|Any CPU
		{EA3981D0-679C-4C57-9B3A-2DD9E961A14A}.Release|Any CPU.Build.0 = Release|Any CPU
		{FA0B198C-5B68-491F-8538-1A1BBB7BDF8A}.Debug|Any CPU.ActiveCfg = Debug|Any CPU
		{FA0B198C-5B68-491F-8538-1A1BBB7BDF8A}.Debug|Any CPU.Build.0 = Debug|Any CPU
		{FA0B198C-5B68-491F-8538-1A1BBB7BDF8A}.Release|Any CPU.ActiveCfg = Release|Any CPU
		{FA0B198C-5B68-491F-8538-1A1BBB7BDF8A}.Release|Any CPU.Build.0 = Release|Any CPU
		{70637DE8-02AA-4E65-9668-09BB205DD3CC}.Debug|Any CPU.ActiveCfg = Debug|Any CPU
		{70637DE8-02AA-4E65-9668-09BB205DD3CC}.Debug|Any CPU.Build.0 = Debug|Any CPU
		{70637DE8-02AA-4E65-9668-09BB205DD3CC}.Release|Any CPU.ActiveCfg = Release|Any CPU
		{70637DE8-02AA-4E65-9668-09BB205DD3CC}.Release|Any CPU.Build.0 = Release|Any CPU
		{1B3F2DD7-0259-4118-87DC-801510C1AF50}.Debug|Any CPU.ActiveCfg = Debug|Any CPU
		{1B3F2DD7-0259-4118-87DC-801510C1AF50}.Debug|Any CPU.Build.0 = Debug|Any CPU
		{1B3F2DD7-0259-4118-87DC-801510C1AF50}.Release|Any CPU.ActiveCfg = Release|Any CPU
		{1B3F2DD7-0259-4118-87DC-801510C1AF50}.Release|Any CPU.Build.0 = Release|Any CPU
	EndGlobalSection
	GlobalSection(SolutionProperties) = preSolution
		HideSolutionNode = FALSE
	EndGlobalSection
	GlobalSection(NestedProjects) = preSolution
		{5B785A33-7160-4CFA-84B6-4CCC15327FAD} = {8DD50B56-68FA-4F4D-B261-CACB6474E593}
		{FA0B198C-5B68-491F-8538-1A1BBB7BDF8A} = {0860F4FC-EFFD-421C-872F-9A8BCD0BCC3A}
		{70637DE8-02AA-4E65-9668-09BB205DD3CC} = {0860F4FC-EFFD-421C-872F-9A8BCD0BCC3A}
		{1B3F2DD7-0259-4118-87DC-801510C1AF50} = {0860F4FC-EFFD-421C-872F-9A8BCD0BCC3A}
	EndGlobalSection
	GlobalSection(ExtensibilityGlobals) = postSolution
		SolutionGuid = {7531C39D-10B5-475A-ADD6-D509CDB6CD25}
	EndGlobalSection
EndGlobal
